
Microsoft Visual Studio Solution File, Format Version 12.00
# Visual Studio 14
VisualStudioVersion = 14.0.25420.1
MinimumVisualStudioVersion = 10.0.40219.1
Project("{FAE04EC0-301F-11D3-BF4B-00C04F79EFBC}") = "CRM V2", "CRM V2\CRM V2.csproj", "{A0F6A08F-B053-4526-B83F-8C6A81D96BBC}"
EndProject
Global
	GlobalSection(SolutionConfigurationPlatforms) = preSolution
		Debug|Any CPU = Debug|Any CPU
		Release|Any CPU = Release|Any CPU
	EndGlobalSection
	GlobalSection(ProjectConfigurationPlatforms) = postSolution
		{A0F6A08F-B053-4526-B83F-8C6A81D96BBC}.Debug|Any CPU.ActiveCfg = Debug|Any CPU
		{A0F6A08F-B053-4526-B83F-8C6A81D96BBC}.Debug|Any CPU.Build.0 = Debug|Any CPU
		{A0F6A08F-B053-4526-B83F-8C6A81D96BBC}.Release|Any CPU.ActiveCfg = Release|Any CPU
		{A0F6A08F-B053-4526-B83F-8C6A81D96BBC}.Release|Any CPU.Build.0 = Release|Any CPU
	EndGlobalSection
	GlobalSection(SolutionProperties) = preSolution
		HideSolutionNode = FALSE
	EndGlobalSection
EndGlobal
